schema: '2.0'
stages:
  load_data:
    cmd: python src/stage_01_load_save.py --config=config/config.yaml
    deps:
    - path: config/config.yaml
      md5: 037c9e558cbd1b3d4ab364cde836d7ec
      size: 211
    - path: src/stage_01_load_save.py
      md5: 74d0269ef1dd2b204f3053e8c0dfddd6
      size: 1107
    - path: src/utils/all_utils.py
      md5: a9c21c5cf86661854d68dd89c5d73b3f
      size: 718
    outs:
    - path: artifacts/raw_local_dir/data.csv
      md5: 7d814a1bda02145efe703f4e1c01847a
      size: 93599
